
Microsoft Visual Studio Solution File, Format Version 12.00
# Visual Studio Version 16
VisualStudioVersion = 16.0.31205.134
MinimumVisualStudioVersion = 10.0.40219.1
Project("{FAE04EC0-301F-11D3-BF4B-00C04F79EFBC}") = "YoketoruVS21", "YoketoruVS21\YoketoruVS21.csproj", "{EBA07596-1E1E-410C-89A6-66E467E0271A}"
EndProject
Global
	GlobalSection(SolutionConfigurationPlatforms) = preSolution
		Debug|Any CPU = Debug|Any CPU
		Release|Any CPU = Release|Any CPU
	EndGlobalSection
	GlobalSection(ProjectConfigurationPlatforms) = postSolution
		{EBA07596-1E1E-410C-89A6-66E467E0271A}.Debug|Any CPU.ActiveCfg = Debug|Any CPU
		{EBA07596-1E1E-410C-89A6-66E467E0271A}.Debug|Any CPU.Build.0 = Debug|Any CPU
		{EBA07596-1E1E-410C-89A6-66E467E0271A}.Release|Any CPU.ActiveCfg = Release|Any CPU
		{EBA07596-1E1E-410C-89A6-66E467E0271A}.Release|Any CPU.Build.0 = Release|Any CPU
	EndGlobalSection
	GlobalSection(SolutionProperties) = preSolution
		HideSolutionNode = FALSE
	EndGlobalSection
	GlobalSection(ExtensibilityGlobals) = postSolution
		SolutionGuid = {7A40FC35-C0A3-4E07-8529-C970B403FC18}
	EndGlobalSection
EndGlobal
